
Microsoft Visual Studio Solution File, Format Version 12.00
# Visual Studio Version 18
VisualStudioVersion = 18.6.11723.189 insiders
MinimumVisualStudioVersion = 10.0.40219.1
Project("{FAE04EC0-301F-11D3-BF4B-00C04F79EFBC}") = "BibliotecaMVC", "BibliotecaMVC.csproj", "{92B7017A-C797-42AC-74E3-12B2C6664F7D}"
EndProject
Global
	GlobalSection(SolutionConfigurationPlatforms) = preSolution
		Debug|Any CPU = Debug|Any CPU
		Release|Any CPU = Release|Any CPU
	EndGlobalSection
	GlobalSection(ProjectConfigurationPlatforms) = postSolution
		{92B7017A-C797-42AC-74E3-12B2C6664F7D}.Debug|Any CPU.ActiveCfg = Debug|Any CPU
		{92B7017A-C797-42AC-74E3-12B2C6664F7D}.Debug|Any CPU.Build.0 = Debug|Any CPU
		{92B7017A-C797-42AC-74E3-12B2C6664F7D}.Release|Any CPU.ActiveCfg = Release|Any CPU
		{92B7017A-C797-42AC-74E3-12B2C6664F7D}.Release|Any CPU.Build.0 = Release|Any CPU
	EndGlobalSection
	GlobalSection(SolutionProperties) = preSolution
		HideSolutionNode = FALSE
	EndGlobalSection
	GlobalSection(ExtensibilityGlobals) = postSolution
		SolutionGuid = {18E84073-F64D-4343-A691-EC75A9D34229}
	EndGlobalSection
EndGlobal
